{
  "nodes": {
    "flakeNimbleLib": {
      "inputs": {
        "nixpkgs": [
          "nixpkgs"
        ]
      },
      "locked": {
        "lastModified": 1662018438,
        "narHash": "sha256-QtNtU6+LX3Wokxf0zlFwKTFOcn6TeDjKQZ+DA9OYtvM=",
        "owner": "riinr",
        "repo": "nim-flakes-lib",
        "rev": "b1fe8340736e3a85d25c709ac3dfd82a55c03cbf",
        "type": "github"
      },
      "original": {
        "owner": "riinr",
        "ref": "master",
        "repo": "nim-flakes-lib",
        "type": "github"
      }
    },
    "nixpkgs": {
      "locked": {
        "lastModified": 1667110639,
        "narHash": "sha256-4FbPESZ5LbqQxkJJJBAfk/zKgF9h/4kyUwjjpJwYlbc=",
        "owner": "NixOS",
        "repo": "nixpkgs",
        "rev": "f38a1f04d1bec1feb61fd101a0539ae2002a7087",
        "type": "github"
      },
      "original": {
        "id": "nixpkgs",
        "type": "indirect"
      }
    },
    "options-master": {
      "inputs": {
        "flakeNimbleLib": [
          "flakeNimbleLib"
        ],
        "nixpkgs": [
          "nixpkgs"
        ],
        "src-options-master": "src-options-master"
      },
      "locked": {
        "dir": "master",
        "lastModified": 1662254719,
        "narHash": "sha256-d9VYlSpH55gyxcWSwc9uo2f4bYqbFV5S/XC4fqqjwjQ=",
        "owner": "nim-nix-pkgs",
        "repo": "options",
        "rev": "7f1cd0bb0db5f6a569d0f08d1eb43768bb17feaa",
        "type": "github"
      },
      "original": {
        "dir": "master",
        "owner": "nim-nix-pkgs",
        "ref": "master",
        "repo": "options",
        "type": "github"
      }
    },
    "root": {
      "inputs": {
        "flakeNimbleLib": "flakeNimbleLib",
        "nixpkgs": "nixpkgs",
        "options-master": "options-master"
      }
    },
    "src-options-master": {
      "flake": false,
      "locked": {
        "lastModified": 1434587924,
        "narHash": "sha256-X2UL7Ai42NZjw7K/KF64ryQoj73hhcb5uUK43t0lzPM=",
        "owner": "fallingduck",
        "repo": "options-nim",
        "rev": "035806c369469c8b47efefdbc5ca2d03e7f4a95b",
        "type": "github"
      },
      "original": {
        "owner": "fallingduck",
        "ref": "refs/heads/master",
        "repo": "options-nim",
        "type": "github"
      }
    }
  },
  "root": "root",
  "version": 7
}
